{
    "_meta": {
        "hash": {
            "sha256": "e679dae5eff1ca0d16149509abfe12f9327c3491fc29eb14c2f1701635ca536f"
        },
        "pipfile-spec": 6,
        "requires": {
            "python_version": "3.8"
        },
        "sources": [
            {
                "name": "pypi",
                "url": "https://pypi.python.org/simple",
                "verify_ssl": true
            }
        ]
    },
    "default": {
        "aws-lambda-powertools": {
            "hashes": [
                "sha256:67e22c3c065e2de3ca3ce0db1f2d5bb3ac0389869793aa87dfc20cd3a92a75bd",
                "sha256:700aafc950546f91141a733486367ce0f4e69c6fec48fef74ece9582eaa226f6"
            ],
            "index": "pypi",
            "version": "==1.21.1"
        },
        "aws-xray-sdk": {
            "hashes": [
                "sha256:487e44a2e0b2a5b994f7db5fad3a8115f1ea238249117a119bce8ca2750661bd",
                "sha256:90c2fcc982a770e86d009a4c3d2b5c3e372da91cb8284d982bae458e2c0bb268"
            ],
            "version": "==2.8.0"
        },
        "boto3": {
            "hashes": [
                "sha256:3e6176b3ccdd039427f63365bdf25c312ec9e88cc72ba907beea006ccf32116b",
                "sha256:56a4c68a4ee131527e8bd65ab71270b06d985e6687ef27e9dfa992250fcc4c15"
            ],
            "markers": "python_version >= '3.6'",
            "version": "==1.18.57"
        },
        "botocore": {
            "hashes": [
                "sha256:2a00acb822b148abf6a452c10c5f0b85d245e4bde7a0465ca2a5f8c990c07fc1",
                "sha256:4fd374e2dad91b2375db08e0c8a0bbd03b5e741b7dc4c5e730a544993cc46850"
            ],
            "markers": "python_version >= '3.6'",
            "version": "==1.21.57"
        },
        "fastjsonschema": {
            "hashes": [
                "sha256:671f36d225b3493629b5e789428660109528f373cf4b8a22bac6fa2f8191c2d2",
                "sha256:fa2f4bb1e31419c5eb1150f2e0545921712c10c34165b86d33f08f5562ad4b85"
            ],
            "version": "==2.15.1"
        },
        "future": {
            "hashes": [
                "sha256:b1bead90b70cf6ec3f0710ae53a525360fa360d306a86583adc6bf83a4db537d"
            ],
            "markers": "python_version >= '2.6' and python_version not in '3.0, 3.1, 3.2, 3.3'",
            "version": "==0.18.2"
        },
        "jmespath": {
            "hashes": [
                "sha256:b85d0567b8666149a93172712e68920734333c0ce7e89b78b3e987f71e5ed4f9",
                "sha256:cdf6525904cc597730141d61b36f2e4b8ecc257c420fa2f4549bac2c2d0cb72f"
            ],
            "markers": "python_version >= '2.6' and python_version not in '3.0, 3.1, 3.2, 3.3'",
            "version": "==0.10.0"
        },
        "pynamodb": {
            "hashes": [
                "sha256:7f351d70b9f4da95ea2d7e50299640e4c46c83b7b24bea5daf110acd2e5aef2b",
                "sha256:8a38fa76522878ef1a8a0b62e6dcc1f883af73182a6c30a050481d316f589d34"
            ],
            "index": "pypi",
            "version": "==5.1.0"
        },
        "python-dateutil": {
            "hashes": [
                "sha256:0123cacc1627ae19ddf3c27a5de5bd67ee4586fbdd6440d9748f8abb483d3e86",
                "sha256:961d03dc3453ebbc59dbdea9e4e11c5651520a876d0f4db161e8674aae935da9"
            ],
            "markers": "python_version >= '2.7' and python_version not in '3.0, 3.1, 3.2, 3.3'",
            "version": "==2.8.2"
        },
        "python-decouple": {
            "hashes": [
                "sha256:68e4b3fcc97e24bc90eecc514852d0bf970f4ff031f5f7a6728ddafa9afefcaf"
            ],
            "index": "pypi",
            "version": "==3.5"
        },
        "s3transfer": {
            "hashes": [
                "sha256:50ed823e1dc5868ad40c8dc92072f757aa0e653a192845c94a3b676f4a62da4c",
                "sha256:9c1dc369814391a6bda20ebbf4b70a0f34630592c9aa520856bf384916af2803"
            ],
            "markers": "python_version >= '3.6'",
            "version": "==0.5.0"
        },
        "six": {
            "hashes": [
                "sha256:1e61c37477a1626458e36f7b1d82aa5c9b094fa4802892072e49de9c60c4c926",
                "sha256:8abb2f1d86890a2dfb989f9a77cfcfd3e47c2a354b01111771326f8aa26e0254"
            ],
            "markers": "python_version >= '2.7' and python_version not in '3.0, 3.1, 3.2, 3.3'",
            "version": "==1.16.0"
        },
        "urllib3": {
            "hashes": [
                "sha256:4987c65554f7a2dbf30c18fd48778ef124af6fab771a377103da0585e2336ece",
                "sha256:c4fdf4019605b6e5423637e01bc9fe4daef873709a7973e195ceba0a62bbc844"
            ],
            "markers": "python_version >= '2.7' and python_version not in '3.0, 3.1, 3.2, 3.3, 3.4' and python_full_version < '4.0.0'",
            "version": "==1.26.7"
        },
        "wrapt": {
            "hashes": [
                "sha256:04312fbf51e9dd15261228e6b4bed0c0ed5723ccf986645d2c7308511dccba35",
                "sha256:04a00cef5d1b9e0e8db997816437b436e859106283c4771a40c4de4759344765",
                "sha256:0b2cbe418beeff3aadb3afc39a67d3f5f6a3eb020ceb5f2bcf56bef14b33629a",
                "sha256:19b2c992668c9ca764899bae52987a04041ebc21859d2646db0b27e089c2fd6b",
                "sha256:1b46e4fe0f9efbfaf1ee82fc79f9cb044c69b67b181c58370440d396fe40736e",
                "sha256:21c1710f61aa95b4be83a32b6d6facbb0efdfac22dee65e1caa72a83deed7cda",
                "sha256:2d18618440df6bc072762625e9c843d32a7328347c321b89f8df3a7c4a72ce6c",
                "sha256:2f6fbea8936ba862425664fc689182a8ef50a6d88cd49f3cd073eccd3e78c930",
                "sha256:3658ae9c704906cab5865a00c1aa9e1fd3555074d1a4462fa1742d7fea8260ae",
                "sha256:3816922f0941f1637869a04e25d1e5261dfa55cc6b39c73872cbf192ea562443",
                "sha256:40fd2cebad4010787de4221ec27a650635eed3e49e4bbfa8244fc34836cc2457",
                "sha256:4f3f99bb8eed5d394bbb898c5191ed91ebf21187d52b2c45895733ae2798f373",
                "sha256:5dc6c8cfaf4ff2a4632f8f97d29f555d6951eb0f905d3d47b3fd69bddb653214",
                "sha256:6aa687da5565674c9696fafd2b8d44a04fb697ec2431af21c3def9cbedc4082a",
                "sha256:6b81913fdba96e286f0c6007eb61f0158e64a1941bfc72fee61b34a4f8f9877f",
                "sha256:6c241b4ef0744590ae0ee89305743977e478200cff961bdcc6b3d0530aea3377",
                "sha256:77fef0bfdc612f5f30e43392a9f67dddaf4f48f299421bf25f910d0f47173f3d",
                "sha256:7929ce97be2f7c49f454a6f8e014225e53cc3767fe48cce94b188de2225232ac",
                "sha256:8055f8cc9a80dc1db01f31af6399b83f597ec164f07b7251d2a1bf1c6c025190",
                "sha256:836c73f53a0cefc7ba10c6f4a0d78894cb4876f56035fe500b029e0a1ae0ffe9",
                "sha256:8a184c655bb41295a9b0c28745a1b762c0c86025e43808b7e814f9cedc6c563d",
                "sha256:8a6ba1b00d07f5a90a2d2eb1804a42e2067a6145b7745a8297664a75a8a232ba",
                "sha256:909a80ce028821c7ad01bdcaa588126825931d177cdccd00b3545818d4a195ce",
                "sha256:947a8d9d7829364e11eca88af18394713c8f98571cbc672b12545977d837f054",
                "sha256:95c9fcfc326fdd3e2fd264e808f6474ca7ffd253feb3a505ee5ceb4d78216ef7",
                "sha256:972099fa9cf4e43c255701c78ec5098c2fec4d6ea669a110b3414a158e772b0a",
                "sha256:97f016514ceac524832e7d1bd41cf928b992ebe0324d59736f84ad5f4bbe0632",
                "sha256:9d200716eb4bb1d73f47f3ccc4f98fdf979dcc82d752183828f1be2e332b6874",
                "sha256:9f839c47698052ef5c2c094e21f8a06d0828aebe52d20cdb505faa318c62e886",
                "sha256:aa637733f1d599077522f6a1f0c6c40389aa90a44cba37afcefef26f8e53d28f",
                "sha256:b0eed9b295039a619f64667f27cffbffcfc0559073d562700912ca6266bc8b28",
                "sha256:b1137e6aef3ac267c2af7d3af0266ef3f8dd1e5cde67b8eac9fa3b94e7fa0ada",
                "sha256:b41ce8ee3825634e67883dd4dab336f95d0cc9d223fb7e224dcd36d66af93694",
                "sha256:bc42803987eb46b5fc67ec9a072df15a72ee9db61e3b7dd955d82581bf141f60",
                "sha256:bd705e341baccc3d1ef20e790b1f6383bd4ae92a77ba87a86ece8189fab8793c",
                "sha256:c803526c0d3fa426e06de379b4eb56102234f2dc3c3a24a500d7962a83ca6166",
                "sha256:cb0b12b365b054bee2a53078a67df81781be0686cc3f3ab8bbdd16b2e188570a",
                "sha256:d0ae90fd60c7473e437b0dd48ae323c11f631fe47c243056f9e7505d26e8e2f6",
                "sha256:db0daf2afca9f3b3a76e96ecb5f55ba82615ec584471d7aa27c1bdeb9e3888bb",
                "sha256:e2eb4f38441b56698b4d40d48fd331e4e8a0477264785d08cbced63813d4bd29",
                "sha256:e5a0727ea56de6e9a17693589bcf913d6bf1ec49f12d4671993321f3325fda4f",
                "sha256:ec803c9d6e4ce037201132d903ff8b0dd26c9688be50ce4c77c420c076e78ff7",
                "sha256:f1e2cea943192e24070b65bda862901c02bdf7c6abcd66ef5381ad6511921067",
                "sha256:f4377eda306b488255ea4336662cd9015a902d6dc2ed77a3e4c1e3b42387453a",
                "sha256:fd5320bf61a2e8d3b46d9e183323293c9a695df8f38c98d17c45e1846758f9a9"
            ],
            "markers": "python_version >= '2.7' and python_version not in '3.0, 3.1, 3.2, 3.3, 3.4'",
            "version": "==1.13.1"
        }
    },
    "develop": {
        "attrs": {
            "hashes": [
                "sha256:149e90d6d8ac20db7a955ad60cf0e6881a3f20d37096140088356da6c716b0b1",
                "sha256:ef6aaac3ca6cd92904cdd0d83f629a15f18053ec84e6432106f7a4d04ae4f5fb"
            ],
            "markers": "python_version >= '2.7' and python_version not in '3.0, 3.1, 3.2, 3.3, 3.4'",
            "version": "==21.2.0"
        },
        "boto3": {
            "hashes": [
                "sha256:3e6176b3ccdd039427f63365bdf25c312ec9e88cc72ba907beea006ccf32116b",
                "sha256:56a4c68a4ee131527e8bd65ab71270b06d985e6687ef27e9dfa992250fcc4c15"
            ],
            "markers": "python_version >= '3.6'",
            "version": "==1.18.57"
        },
        "botocore": {
            "hashes": [
                "sha256:2a00acb822b148abf6a452c10c5f0b85d245e4bde7a0465ca2a5f8c990c07fc1",
                "sha256:4fd374e2dad91b2375db08e0c8a0bbd03b5e741b7dc4c5e730a544993cc46850"
            ],
            "markers": "python_version >= '3.6'",
            "version": "==1.21.57"
        },
        "certifi": {
            "hashes": [
                "sha256:2bbf76fd432960138b3ef6dda3dde0544f27cbf8546c458e60baf371917ba9ee",
                "sha256:50b1e4f8446b06f41be7dd6338db18e0990601dce795c2b1686458aa7e8fa7d8"
            ],
            "version": "==2021.5.30"
        },
        "charset-normalizer": {
            "hashes": [
                "sha256:5d209c0a931f215cee683b6445e2d77677e7e75e159f78def0db09d68fafcaa6",
                "sha256:5ec46d183433dcbd0ab716f2d7f29d8dee50505b3fdb40c6b985c7c4f5a3591f"
            ],
            "markers": "python_version >= '3'",
            "version": "==2.0.6"
        },
        "coverage": {
            "extras": [
                "toml"
            ],
            "hashes": [
                "sha256:07efe1fbd72e67df026ad5109bcd216acbbd4a29d5208b3dab61779bae6b7b26",
                "sha256:0898d6948b31df13391cd40568de8f35fa5901bc922c5ae05cf070587cb9c666",
                "sha256:0a7e55cc9f7efa22d5cc9966276ec7a40a8803676f6ccbfdc06a486fba9aa9ee",
                "sha256:17426808e8e0824f864876312d41961223bf5e503bf8f1f846735279a60ea345",
                "sha256:1770d24f45f1f2daeae34cfa3b33fcb29702153544cd2ad40d58399dd4ff53b5",
                "sha256:1864bdf9b2ccb43e724051bc23a1c558daf101ad4488ede1945f2a8be1facdad",
                "sha256:2c5f39d1556e75fc3c4fb071f9e7cfa618895a999a0de763a541d730775d0d5f",
                "sha256:3490ff6dbf3f7accf0750136ed60ae1f487bccc1f097740e3b21262bc9c89854",
                "sha256:353a50f123f0185cdb7a1e1e3e2cfb9d1fd7e293cfaf68eedaf5bd8e02e3ec32",
                "sha256:3edbb3ec580c73e5a264f5d04f30245bc98eff1a26765d46c5c65134f0a0e2f7",
                "sha256:4eb9cd910ca8e243f930243a9940ea1a522e32435d15668445753d087c30ee12",
                "sha256:5b06f4f1729e2963281d9cd6e65e6976bf27b44d4c07ac5b47223ce45f822cec",
                "sha256:5b1ceacb86e0a9558061dcc6baae865ed25933ea57effea644f21657cdce19bc",
                "sha256:65da6e3e8325291f012921bbf71fea0a97824e1c573981871096aac6e2cf0ec5",
                "sha256:66fe33e9e0df58675e08e83fe257f89e7f625e7633ea93d0872154e09cce2724",
                "sha256:6873f3f954d3e3ab8b1881f4e5307cc19f70c9f931c41048d9f7e6fd946eabe7",
                "sha256:73880a80fad0597eca43e213e5e1711bf6c0fcdb7eb6b01b3b17841ebe5a7f8d",
                "sha256:7600fac458f74c68b097379f76f3a6e3a630493fc7fc94b6508fedd9d498c194",
                "sha256:83682b73785d2e078e0b5f63410b8125b122e1a22422640c57edd4011c950f3e",
                "sha256:83faa3692e8306b20293889714fdf573d10ef5efc5843bd7c7aea6971487bd6a",
                "sha256:9c416ba03844608f45661a5b48dc59c6b5e89956efe388564dd138ca8caf540b",
                "sha256:9d242a2434801ef5125330deddb4cddba8990c9a49b3dec99dca17dd7eefba5a",
                "sha256:a2e15ab5afbee34abf716fece80ea33ea09a82e7450512f022723b1a82ec9a4e",
                "sha256:abe8207dfb8a61ded9cd830d26c1073c8218fc0ae17eb899cfe8ec0fafae6e22",
                "sha256:ad7182a82843f9f85487f44567c8c688f16c906bdb8d0e44ae462aed61cb8f1b",
                "sha256:b45f89a8ef65c29195f8f28dbe215f44ccb29d934f3e862d2a5c12e38698a793",
                "sha256:b81a4e667c45b13658b84f9b8f1d32ef86d5405fabcbd181b76b9e51d295f397",
                "sha256:c9c413c4397d4cdc7ca89286158d240ce524f9667b52c9a64dd7e13d16cf8815",
                "sha256:e11cca9eb5c9b3eaad899728ee2ce916138399ee8cbbccaadc1871fecb750827",
                "sha256:e66c50f0ab445fec920a9f084914ea1776a809e3016c3738519048195f851bbb",
                "sha256:ea452a2d83964d08232ade470091015e7ab9b8f53acbec10f2210fbab4ce7e43",
                "sha256:f398d38e6ebc2637863db1d7be3d4f9c5174e7d24bb3b0716cdb1f204669cbcf",
                "sha256:f82a17f2a77958f3eef40ad385fc82d4c6ba9a77a51a174efe03ce75daebbc16"
            ],
            "markers": "python_version >= '3.6'",
            "version": "==6.0.1"
        },
        "docopt": {
            "hashes": [
                "sha256:49b3a825280bd66b3aa83585ef59c4a8c82f2c8a522dbe754a8bc8d08c85c491"
            ],
            "version": "==0.6.2"
        },
        "idna": {
            "hashes": [
                "sha256:14475042e284991034cb48e06f6851428fb14c4dc953acd9be9a5e95c7b6dd7a",
                "sha256:467fbad99067910785144ce333826c71fb0e63a425657295239737f7ecd125f3"
            ],
            "markers": "python_version >= '3'",
            "version": "==3.2"
        },
        "iniconfig": {
            "hashes": [
                "sha256:011e24c64b7f47f6ebd835bb12a743f2fbe9a26d4cecaa7f53bc4f35ee9da8b3",
                "sha256:bc3af051d7d14b2ee5ef9969666def0cd1a000e121eaea580d4a313df4b37f32"
            ],
            "version": "==1.1.1"
        },
        "jmespath": {
            "hashes": [
                "sha256:b85d0567b8666149a93172712e68920734333c0ce7e89b78b3e987f71e5ed4f9",
                "sha256:cdf6525904cc597730141d61b36f2e4b8ecc257c420fa2f4549bac2c2d0cb72f"
            ],
            "markers": "python_version >= '2.6' and python_version not in '3.0, 3.1, 3.2, 3.3'",
            "version": "==0.10.0"
        },
        "packaging": {
            "hashes": [
                "sha256:7dc96269f53a4ccec5c0670940a4281106dd0bb343f47b7471f779df49c2fbe7",
                "sha256:c86254f9220d55e31cc94d69bade760f0847da8000def4dfe1c6b872fd14ff14"
            ],
            "markers": "python_version >= '3.6'",
            "version": "==21.0"
        },
        "paho-mqtt": {
            "hashes": [
                "sha256:9feb068e822be7b3a116324e01fb6028eb1d66412bf98595ae72698965cb1cae"
            ],
            "version": "==1.5.1"
        },
        "pbr": {
            "hashes": [
                "sha256:42df03e7797b796625b1029c0400279c7c34fd7df24a7d7818a1abb5b38710dd",
                "sha256:c68c661ac5cc81058ac94247278eeda6d2e6aecb3e227b0387c30d277e7ef8d4"
            ],
            "markers": "python_version >= '2.6'",
            "version": "==5.6.0"
        },
        "pluggy": {
            "hashes": [
                "sha256:4224373bacce55f955a878bf9cfa763c1e360858e330072059e10bad68531159",
                "sha256:74134bbf457f031a36d68416e1509f34bd5ccc019f0bcc952c7b909d06b37bd3"
            ],
            "markers": "python_version >= '3.6'",
            "version": "==1.0.0"
        },
        "py": {
            "hashes": [
                "sha256:21b81bda15b66ef5e1a777a21c4dcd9c20ad3efd0b3f817e7a809035269e1bd3",
                "sha256:3b80836aa6d1feeaa108e046da6423ab8f6ceda6468545ae8d02d9d58d18818a"
            ],
            "markers": "python_version >= '2.7' and python_version not in '3.0, 3.1, 3.2, 3.3'",
            "version": "==1.10.0"
        },
        "pyjwt": {
            "hashes": [
                "sha256:5c6eca3c2940464d106b99ba83b00c6add741c9becaec087fb7ccdefea71350e",
                "sha256:8d59a976fb773f3e6a39c85636357c4f0e242707394cadadd9814f5cbaa20e96"
            ],
            "version": "==1.7.1"
        },
        "pykwalify": {
            "hashes": [
                "sha256:731dfa87338cca9f559d1fca2bdea37299116e3139b73f78ca90a543722d6651",
                "sha256:796b2ad3ed4cb99b88308b533fb2f559c30fa6efb4fa9fda11347f483d245884"
            ],
            "version": "==1.8.0"
        },
        "pyparsing": {
            "hashes": [
                "sha256:c203ec8783bf771a155b207279b9bccb8dea02d8f0c9e5f8ead507bc3246ecc1",
                "sha256:ef9d7589ef3c200abe66653d3f1ab1033c3c419ae9b9bdb1240a85b024efc88b"
            ],
            "markers": "python_version >= '2.6' and python_version not in '3.0, 3.1, 3.2, 3.3'",
            "version": "==2.4.7"
        },
        "pytest": {
            "hashes": [
                "sha256:131b36680866a76e6781d13f101efb86cf674ebb9762eb70d3082b6f29889e89",
                "sha256:7310f8d27bc79ced999e760ca304d69f6ba6c6649c0b60fb0e04a4a77cacc134"
            ],
            "index": "pypi",
            "version": "==6.2.5"
        },
        "pytest-cov": {
            "hashes": [
                "sha256:578d5d15ac4a25e5f961c938b85a05b09fdaae9deef3bb6de9a6e766622ca7a6",
                "sha256:e7f0f5b1617d2210a2cabc266dfe2f4c75a8d32fb89eafb7ad9d06f6d076d470"
            ],
            "index": "pypi",
            "version": "==3.0.0"
        },
        "pytest-env": {
            "hashes": [
                "sha256:7e94956aef7f2764f3c147d216ce066bf6c42948bb9e293169b1b1c880a580c2"
            ],
            "index": "pypi",
            "version": "==0.6.2"
        },
        "python-box": {
            "hashes": [
                "sha256:60ae9156de34cf92b899bd099580950df70a5b0813e67a3310a1cdd1976457fa",
                "sha256:b68e0f8abc86f3deda751b3390f64df64a0989459de51ba4db949662a7b4d8ac"
            ],
            "markers": "python_version >= '3.6'",
            "version": "==5.4.1"
        },
        "python-dateutil": {
            "hashes": [
                "sha256:0123cacc1627ae19ddf3c27a5de5bd67ee4586fbdd6440d9748f8abb483d3e86",
                "sha256:961d03dc3453ebbc59dbdea9e4e11c5651520a876d0f4db161e8674aae935da9"
            ],
            "markers": "python_version >= '2.7' and python_version not in '3.0, 3.1, 3.2, 3.3'",
            "version": "==2.8.2"
        },
        "pyyaml": {
            "hashes": [
                "sha256:08682f6b72c722394747bddaf0aa62277e02557c0fd1c42cb853016a38f8dedf",
                "sha256:0f5f5786c0e09baddcd8b4b45f20a7b5d61a7e7e99846e3c799b05c7c53fa696",
                "sha256:129def1b7c1bf22faffd67b8f3724645203b79d8f4cc81f674654d9902cb4393",
                "sha256:294db365efa064d00b8d1ef65d8ea2c3426ac366c0c4368d930bf1c5fb497f77",
                "sha256:3b2b1824fe7112845700f815ff6a489360226a5609b96ec2190a45e62a9fc922",
                "sha256:3bd0e463264cf257d1ffd2e40223b197271046d09dadf73a0fe82b9c1fc385a5",
                "sha256:4465124ef1b18d9ace298060f4eccc64b0850899ac4ac53294547536533800c8",
                "sha256:49d4cdd9065b9b6e206d0595fee27a96b5dd22618e7520c33204a4a3239d5b10",
                "sha256:4e0583d24c881e14342eaf4ec5fbc97f934b999a6828693a99157fde912540cc",
                "sha256:5accb17103e43963b80e6f837831f38d314a0495500067cb25afab2e8d7a4018",
                "sha256:607774cbba28732bfa802b54baa7484215f530991055bb562efbed5b2f20a45e",
                "sha256:6c78645d400265a062508ae399b60b8c167bf003db364ecb26dcab2bda048253",
                "sha256:72a01f726a9c7851ca9bfad6fd09ca4e090a023c00945ea05ba1638c09dc3347",
                "sha256:74c1485f7707cf707a7aef42ef6322b8f97921bd89be2ab6317fd782c2d53183",
                "sha256:895f61ef02e8fed38159bb70f7e100e00f471eae2bc838cd0f4ebb21e28f8541",
                "sha256:8c1be557ee92a20f184922c7b6424e8ab6691788e6d86137c5d93c1a6ec1b8fb",
                "sha256:bb4191dfc9306777bc594117aee052446b3fa88737cd13b7188d0e7aa8162185",
                "sha256:bfb51918d4ff3d77c1c856a9699f8492c612cde32fd3bcd344af9be34999bfdc",
                "sha256:c20cfa2d49991c8b4147af39859b167664f2ad4561704ee74c1de03318e898db",
                "sha256:cb333c16912324fd5f769fff6bc5de372e9e7a202247b48870bc251ed40239aa",
                "sha256:d2d9808ea7b4af864f35ea216be506ecec180628aced0704e34aca0b040ffe46",
                "sha256:d483ad4e639292c90170eb6f7783ad19490e7a8defb3e46f97dfe4bacae89122",
                "sha256:dd5de0646207f053eb0d6c74ae45ba98c3395a571a2891858e87df7c9b9bd51b",
                "sha256:e1d4970ea66be07ae37a3c2e48b5ec63f7ba6804bdddfdbd3cfd954d25a82e63",
                "sha256:e4fac90784481d221a8e4b1162afa7c47ed953be40d31ab4629ae917510051df",
                "sha256:fa5ae20527d8e831e8230cbffd9f8fe952815b2b7dae6ffec25318803a7528fc",
                "sha256:fd7f6999a8070df521b6384004ef42833b9bd62cfee11a09bda1079b4b704247",
                "sha256:fdc842473cd33f45ff6bce46aea678a54e3d21f1b61a7750ce3c498eedfe25d6",
                "sha256:fe69978f3f768926cfa37b867e3843918e012cf83f680806599ddce33c2c68b0"
            ],
            "markers": "python_version >= '2.7' and python_version not in '3.0, 3.1, 3.2, 3.3, 3.4, 3.5'",
            "version": "==5.4.1"
        },
        "requests": {
            "hashes": [
                "sha256:6c1246513ecd5ecd4528a0906f910e8f0f9c6b8ec72030dc9fd154dc1a6efd24",
                "sha256:b8aa58f8cf793ffd8782d3d8cb19e66ef36f7aba4353eec859e74678b01b07a7"
            ],
            "markers": "python_version >= '2.7' and python_version not in '3.0, 3.1, 3.2, 3.3, 3.4, 3.5'",
            "version": "==2.26.0"
        },
        "ruamel.yaml": {
            "hashes": [
                "sha256:1a771fc92d3823682b7f0893ad56cb5a5c87c48e62b5399d6f42c8759a583b33",
                "sha256:ea21da1198c4b41b8e7a259301cc9710d3b972bf8ba52f06218478e6802dd1f1"
            ],
            "markers": "python_version >= '3'",
            "version": "==0.17.16"
        },
        "ruamel.yaml.clib": {
            "hashes": [
                "sha256:0847201b767447fc33b9c235780d3aa90357d20dd6108b92be544427bea197dd",
                "sha256:1866cf2c284a03b9524a5cc00daca56d80057c5ce3cdc86a52020f4c720856f0",
                "sha256:31ea73e564a7b5fbbe8188ab8b334393e06d997914a4e184975348f204790277",
                "sha256:3fb9575a5acd13031c57a62cc7823e5d2ff8bc3835ba4d94b921b4e6ee664104",
                "sha256:4ff604ce439abb20794f05613c374759ce10e3595d1867764dd1ae675b85acbd",
                "sha256:72a2b8b2ff0a627496aad76f37a652bcef400fd861721744201ef1b45199ab78",
                "sha256:78988ed190206672da0f5d50c61afef8f67daa718d614377dcd5e3ed85ab4a99",
                "sha256:7b2927e92feb51d830f531de4ccb11b320255ee95e791022555971c466af4527",
                "sha256:7f7ecb53ae6848f959db6ae93bdff1740e651809780822270eab111500842a84",
                "sha256:825d5fccef6da42f3c8eccd4281af399f21c02b32d98e113dbc631ea6a6ecbc7",
                "sha256:846fc8336443106fe23f9b6d6b8c14a53d38cef9a375149d61f99d78782ea468",
                "sha256:89221ec6d6026f8ae859c09b9718799fea22c0e8da8b766b0b2c9a9ba2db326b",
                "sha256:9efef4aab5353387b07f6b22ace0867032b900d8e91674b5d8ea9150db5cae94",
                "sha256:a32f8d81ea0c6173ab1b3da956869114cae53ba1e9f72374032e33ba3118c233",
                "sha256:a49e0161897901d1ac9c4a79984b8410f450565bbad64dbfcbf76152743a0cdb",
                "sha256:ada3f400d9923a190ea8b59c8f60680c4ef8a4b0dfae134d2f2ff68429adfab5",
                "sha256:bf75d28fa071645c529b5474a550a44686821decebdd00e21127ef1fd566eabe",
                "sha256:cfdb9389d888c5b74af297e51ce357b800dd844898af9d4a547ffc143fa56751",
                "sha256:d67f273097c368265a7b81e152e07fb90ed395df6e552b9fa858c6d2c9f42502",
                "sha256:dc6a613d6c74eef5a14a214d433d06291526145431c3b964f5e16529b1842bed",
                "sha256:de9c6b8a1ba52919ae919f3ae96abb72b994dd0350226e28f3686cb4f142165c"
            ],
            "markers": "python_version < '3.10' and platform_python_implementation == 'CPython'",
            "version": "==0.2.6"
        },
        "s3transfer": {
            "hashes": [
                "sha256:50ed823e1dc5868ad40c8dc92072f757aa0e653a192845c94a3b676f4a62da4c",
                "sha256:9c1dc369814391a6bda20ebbf4b70a0f34630592c9aa520856bf384916af2803"
            ],
            "markers": "python_version >= '3.6'",
            "version": "==0.5.0"
        },
        "six": {
            "hashes": [
                "sha256:1e61c37477a1626458e36f7b1d82aa5c9b094fa4802892072e49de9c60c4c926",
                "sha256:8abb2f1d86890a2dfb989f9a77cfcfd3e47c2a354b01111771326f8aa26e0254"
            ],
            "markers": "python_version >= '2.7' and python_version not in '3.0, 3.1, 3.2, 3.3'",
            "version": "==1.16.0"
        },
        "stevedore": {
            "hashes": [
                "sha256:59b58edb7f57b11897f150475e7bc0c39c5381f0b8e3fa9f5c20ce6c89ec4aa1",
                "sha256:920ce6259f0b2498aaa4545989536a27e4e4607b8318802d7ddc3a533d3d069e"
            ],
            "markers": "python_version >= '3.6'",
            "version": "==3.4.0"
        },
        "tavern": {
            "hashes": [
                "sha256:ac516d0fb69f46d57c1ca429e6dd5fa70bf82e7f2fb1c1d3f77218e1e5fd5e4e"
            ],
            "index": "pypi",
            "version": "==1.16.2"
        },
        "toml": {
            "hashes": [
                "sha256:806143ae5bfb6a3c6e736a764057db0e6a0e05e338b5630894a5f779cabb4f9b",
                "sha256:b3bda1d108d5dd99f4a20d24d9c348e91c4db7ab1b749200bded2f839ccbe68f"
            ],
            "markers": "python_version >= '2.6' and python_version not in '3.0, 3.1, 3.2, 3.3'",
            "version": "==0.10.2"
        },
        "tomli": {
            "hashes": [
                "sha256:8dd0e9524d6f386271a36b41dbf6c57d8e32fd96fd22b6584679dc569d20899f",
                "sha256:a5b75cb6f3968abb47af1b40c1819dc519ea82bcc065776a866e8d74c5ca9442"
            ],
            "markers": "python_version >= '3.6'",
            "version": "==1.2.1"
        },
        "urllib3": {
            "hashes": [
                "sha256:4987c65554f7a2dbf30c18fd48778ef124af6fab771a377103da0585e2336ece",
                "sha256:c4fdf4019605b6e5423637e01bc9fe4daef873709a7973e195ceba0a62bbc844"
            ],
            "markers": "python_version >= '2.7' and python_version not in '3.0, 3.1, 3.2, 3.3, 3.4' and python_full_version < '4.0.0'",
            "version": "==1.26.7"
        }
    }
}
