{
    "_meta": {
        "hash": {
            "sha256": "d417d19d4ab3a1899de008f6926461248e0700bbe3b039bf9dcb534bd6268883"
        },
        "pipfile-spec": 6,
        "requires": {
            "python_version": "3.8"
        },
        "sources": [
            {
                "name": "pypi",
                "url": "https://pypi.python.org/simple",
                "verify_ssl": true
            }
        ]
    },
    "default": {
        "aws-lambda-powertools": {
            "hashes": [
                "sha256:67e22c3c065e2de3ca3ce0db1f2d5bb3ac0389869793aa87dfc20cd3a92a75bd",
                "sha256:700aafc950546f91141a733486367ce0f4e69c6fec48fef74ece9582eaa226f6"
            ],
            "index": "pypi",
            "version": "==1.21.1"
        },
        "aws-xray-sdk": {
            "hashes": [
                "sha256:487e44a2e0b2a5b994f7db5fad3a8115f1ea238249117a119bce8ca2750661bd",
                "sha256:90c2fcc982a770e86d009a4c3d2b5c3e372da91cb8284d982bae458e2c0bb268"
            ],
            "version": "==2.8.0"
        },
        "boto3": {
            "hashes": [
                "sha256:2dfc8cf34d6dfbdfca4c88e8fddf9fe95cde489fb83144fe35f989ec6790e325",
                "sha256:e36ffaf9969648e2f435aa1f0029956fea3aac52466eef3bcb43bde498a182dd"
            ],
            "markers": "python_version >= '3.6'",
            "version": "==1.19.3"
        },
        "botocore": {
            "hashes": [
                "sha256:53ca22aeac9b53fe5ec1f40b8ca9620ffe8b054458abfeb9ab74bbe9e0b0ecfa",
                "sha256:aacdb9b8e09e356515966251d1e08d9929575a76af504992bfb941553dee59c2"
            ],
            "markers": "python_version >= '3.6'",
            "version": "==1.22.3"
        },
        "fastjsonschema": {
            "hashes": [
                "sha256:671f36d225b3493629b5e789428660109528f373cf4b8a22bac6fa2f8191c2d2",
                "sha256:fa2f4bb1e31419c5eb1150f2e0545921712c10c34165b86d33f08f5562ad4b85"
            ],
            "version": "==2.15.1"
        },
        "future": {
            "hashes": [
                "sha256:b1bead90b70cf6ec3f0710ae53a525360fa360d306a86583adc6bf83a4db537d"
            ],
            "markers": "python_version >= '2.6' and python_version not in '3.0, 3.1, 3.2'",
            "version": "==0.18.2"
        },
        "jmespath": {
            "hashes": [
                "sha256:b85d0567b8666149a93172712e68920734333c0ce7e89b78b3e987f71e5ed4f9",
                "sha256:cdf6525904cc597730141d61b36f2e4b8ecc257c420fa2f4549bac2c2d0cb72f"
            ],
            "markers": "python_version >= '2.6' and python_version not in '3.0, 3.1, 3.2'",
            "version": "==0.10.0"
        },
        "pynamodb": {
            "hashes": [
                "sha256:7f351d70b9f4da95ea2d7e50299640e4c46c83b7b24bea5daf110acd2e5aef2b",
                "sha256:8a38fa76522878ef1a8a0b62e6dcc1f883af73182a6c30a050481d316f589d34"
            ],
            "index": "pypi",
            "version": "==5.1.0"
        },
        "python-dateutil": {
            "hashes": [
                "sha256:0123cacc1627ae19ddf3c27a5de5bd67ee4586fbdd6440d9748f8abb483d3e86",
                "sha256:961d03dc3453ebbc59dbdea9e4e11c5651520a876d0f4db161e8674aae935da9"
            ],
            "markers": "python_version >= '2.7' and python_version not in '3.0, 3.1, 3.2'",
            "version": "==2.8.2"
        },
        "python-decouple": {
            "hashes": [
                "sha256:011d3f785367c54a72cf8a07d3a7a48bb8cc1a0f8e6c70353ca5767ebf7c8c9d",
                "sha256:68e4b3fcc97e24bc90eecc514852d0bf970f4ff031f5f7a6728ddafa9afefcaf"
            ],
            "index": "pypi",
            "version": "==3.5"
        },
        "s3transfer": {
            "hashes": [
                "sha256:50ed823e1dc5868ad40c8dc92072f757aa0e653a192845c94a3b676f4a62da4c",
                "sha256:9c1dc369814391a6bda20ebbf4b70a0f34630592c9aa520856bf384916af2803"
            ],
            "markers": "python_version >= '3.6'",
            "version": "==0.5.0"
        },
        "six": {
            "hashes": [
                "sha256:1e61c37477a1626458e36f7b1d82aa5c9b094fa4802892072e49de9c60c4c926",
                "sha256:8abb2f1d86890a2dfb989f9a77cfcfd3e47c2a354b01111771326f8aa26e0254"
            ],
            "markers": "python_version >= '2.7' and python_version not in '3.0, 3.1, 3.2'",
            "version": "==1.16.0"
        },
        "urllib3": {
            "hashes": [
                "sha256:4987c65554f7a2dbf30c18fd48778ef124af6fab771a377103da0585e2336ece",
                "sha256:c4fdf4019605b6e5423637e01bc9fe4daef873709a7973e195ceba0a62bbc844"
            ],
            "markers": "python_version >= '2.7' and python_version not in '3.0, 3.1, 3.2, 3.3, 3.4' and python_full_version < '4.0.0'",
            "version": "==1.26.7"
        },
        "wrapt": {
            "hashes": [
                "sha256:0473d1558b93e314e84313cc611f6c86be779369f9d3734302bf185a4d2625b1",
                "sha256:0582180566e7a13030f896c2f1ac6a56134ab5f3c3f4c5538086f758b1caf3f2",
                "sha256:15eee0e6fd07f48af2f66d0e6f2ff1916ffe9732d464d5e2390695296872cad9",
                "sha256:1c5c4cf188b5643a97e87e2110bbd4f5bc491d54a5b90633837b34d5df6a03fe",
                "sha256:1eb657ed84f4d3e6ad648483c8a80a0cf0a78922ef94caa87d327e2e1ad49b48",
                "sha256:22142afab65daffc95863d78effcbd31c19a8003eca73de59f321ee77f73cadb",
                "sha256:283e402e5357e104ac1e3fba5791220648e9af6fb14ad7d9cc059091af2b31d2",
                "sha256:3de7b4d3066cc610054e7aa2c005645e308df2f92be730aae3a47d42e910566a",
                "sha256:3e0d16eedc242d01a6f8cf0623e9cdc3b869329da3f97a15961d8864111d8cf0",
                "sha256:3e33c138d1e3620b1e0cc6fd21e46c266393ed5dae0d595b7ed5a6b73ed57aa0",
                "sha256:3f87042623530bcffea038f824b63084180513c21e2e977291a9a7e65a66f13b",
                "sha256:53c6706a1bcfb6436f1625511b95b812798a6d2ccc51359cd791e33722b5ea32",
                "sha256:593cb049ce1c391e0288523b30426c4430b26e74c7e6f6e2844bd99ac7ecc831",
                "sha256:6e6d1a8eeef415d7fb29fe017de0e48f45e45efd2d1bfda28fc50b7b330859ef",
                "sha256:724ed2bc9c91a2b9026e5adce310fa60c6e7c8760b03391445730b9789b9d108",
                "sha256:728e2d9b7a99dd955d3426f237b940fc74017c4a39b125fec913f575619ddfe9",
                "sha256:7574de567dcd4858a2ffdf403088d6df8738b0e1eabea220553abf7c9048f59e",
                "sha256:8164069f775c698d15582bf6320a4f308c50d048c1c10cf7d7a341feaccf5df7",
                "sha256:81a4cf257263b299263472d669692785f9c647e7dca01c18286b8f116dbf6b38",
                "sha256:82223f72eba6f63eafca87a0f614495ae5aa0126fe54947e2b8c023969e9f2d7",
                "sha256:8318088860968c07e741537030b1abdd8908ee2c71fbe4facdaade624a09e006",
                "sha256:83f2793ec6f3ef513ad8d5b9586f5ee6081cad132e6eae2ecb7eac1cc3decae0",
                "sha256:87ee3c73bdfb4367b26c57259995935501829f00c7b3eed373e2ad19ec21e4e4",
                "sha256:8860c8011a6961a651b1b9f46fdbc589ab63b0a50d645f7d92659618a3655867",
                "sha256:9adee1891253670575028279de8365c3a02d3489a74a66d774c321472939a0b1",
                "sha256:a0cdedf681db878416c05e1831ec69691b0e6577ac7dca9d4f815632e3549580",
                "sha256:a70d876c9aba12d3bd7f8f1b05b419322c6789beb717044eea2c8690d35cb91b",
                "sha256:ada5e29e59e2feb710589ca1c79fd989b1dd94d27079dc1d199ec954a6ecc724",
                "sha256:af9480de8e63c5f959a092047aaf3d7077422ded84695b3398f5d49254af3e90",
                "sha256:b20703356cae1799080d0ad15085dc3213c1ac3f45e95afb9f12769b98231528",
                "sha256:bc85d17d90201afd88e3d25421da805e4e135012b5d1f149e4de2981394b2a52",
                "sha256:bff0a59387a0a2951cb869251257b6553663329a1b5525b5226cab8c88dcbe7e",
                "sha256:c65e623ea7556e39c4f0818200a046cbba7575a6b570ff36122c276fdd30ab0a",
                "sha256:c6ee5f8734820c21b9b8bf705e99faba87f21566d20626568eeb0d62cbeaf23c",
                "sha256:c7ac2c7a8e34bd06710605b21dd1f3576764443d68e069d2afba9b116014d072",
                "sha256:ccb34ce599cab7f36a4c90318697ead18312c67a9a76327b3f4f902af8f68ea1",
                "sha256:d0d717e10f952df7ea41200c507cc7e24458f4c45b56c36ad418d2e79dacd1d4",
                "sha256:d90520616fce71c05dedeac3a0fe9991605f0acacd276e5f821842e454485a70",
                "sha256:dca56cc5963a5fd7c2aa8607017753f534ee514e09103a6c55d2db70b50e7447",
                "sha256:df3eae297a5f1594d1feb790338120f717dac1fa7d6feed7b411f87e0f2401c7",
                "sha256:e634136f700a21e1fcead0c137f433dde928979538c14907640607d43537d468",
                "sha256:fbad5ba74c46517e6488149514b2e2348d40df88cd6b52a83855b7a8bf04723f",
                "sha256:fbe6aebc9559fed7ea27de51c2bf5c25ba2a4156cf0017556f72883f2496ee9a",
                "sha256:fdede980273aeca591ad354608778365a3a310e0ecdd7a3587b38bc5be9b1808"
            ],
            "markers": "python_version >= '2.7' and python_version not in '3.0, 3.1, 3.2, 3.3, 3.4'",
            "version": "==1.13.2"
        }
    },
    "develop": {
        "attrs": {
            "hashes": [
                "sha256:149e90d6d8ac20db7a955ad60cf0e6881a3f20d37096140088356da6c716b0b1",
                "sha256:ef6aaac3ca6cd92904cdd0d83f629a15f18053ec84e6432106f7a4d04ae4f5fb"
            ],
            "markers": "python_version >= '2.7' and python_version not in '3.0, 3.1, 3.2, 3.3, 3.4'",
            "version": "==21.2.0"
        },
        "boto3": {
            "hashes": [
                "sha256:2dfc8cf34d6dfbdfca4c88e8fddf9fe95cde489fb83144fe35f989ec6790e325",
                "sha256:e36ffaf9969648e2f435aa1f0029956fea3aac52466eef3bcb43bde498a182dd"
            ],
            "markers": "python_version >= '3.6'",
            "version": "==1.19.3"
        },
        "botocore": {
            "hashes": [
                "sha256:53ca22aeac9b53fe5ec1f40b8ca9620ffe8b054458abfeb9ab74bbe9e0b0ecfa",
                "sha256:aacdb9b8e09e356515966251d1e08d9929575a76af504992bfb941553dee59c2"
            ],
            "markers": "python_version >= '3.6'",
            "version": "==1.22.3"
        },
        "certifi": {
            "hashes": [
                "sha256:78884e7c1d4b00ce3cea67b44566851c4343c120abd683433ce934a68ea58872",
                "sha256:d62a0163eb4c2344ac042ab2bdf75399a71a2d8c7d47eac2e2ee91b9d6339569"
            ],
            "version": "==2021.10.8"
        },
        "charset-normalizer": {
            "hashes": [
                "sha256:e019de665e2bcf9c2b64e2e5aa025fa991da8720daa3c1138cadd2fd1856aed0",
                "sha256:f7af805c321bfa1ce6714c51f254e0d5bb5e5834039bc17db7ebe3a4cec9492b"
            ],
            "markers": "python_version >= '3'",
            "version": "==2.0.7"
        },
        "coverage": {
            "extras": [
                "toml"
            ],
            "hashes": [
                "sha256:04560539c19ec26995ecfb3d9307ff154fbb9a172cb57e3b3cfc4ced673103d1",
                "sha256:1549e1d08ce38259de2bc3e9a0d5f3642ff4a8f500ffc1b2df73fd621a6cdfc0",
                "sha256:1db67c497688fd4ba85b373b37cc52c50d437fd7267520ecd77bddbd89ea22c9",
                "sha256:30922626ce6f7a5a30bdba984ad21021529d3d05a68b4f71ea3b16bda35b8895",
                "sha256:36e9040a43d2017f2787b28d365a4bb33fcd792c7ff46a047a04094dc0e2a30d",
                "sha256:381d773d896cc7f8ba4ff3b92dee4ed740fb88dfe33b6e42efc5e8ab6dfa1cfe",
                "sha256:3bbda1b550e70fa6ac40533d3f23acd4f4e9cb4e6e77251ce77fdf41b3309fb2",
                "sha256:3be1206dc09fb6298de3fce70593e27436862331a85daee36270b6d0e1c251c4",
                "sha256:424c44f65e8be58b54e2b0bd1515e434b940679624b1b72726147cfc6a9fc7ce",
                "sha256:4b34ae4f51bbfa5f96b758b55a163d502be3dcb24f505d0227858c2b3f94f5b9",
                "sha256:4e28d2a195c533b58fc94a12826f4431726d8eb029ac21d874345f943530c122",
                "sha256:53a294dc53cfb39c74758edaa6305193fb4258a30b1f6af24b360a6c8bd0ffa7",
                "sha256:60e51a3dd55540bec686d7fff61b05048ca31e804c1f32cbb44533e6372d9cc3",
                "sha256:61b598cbdbaae22d9e34e3f675997194342f866bb1d781da5d0be54783dce1ff",
                "sha256:6807947a09510dc31fa86f43595bf3a14017cd60bf633cc746d52141bfa6b149",
                "sha256:6a6a9409223a27d5ef3cca57dd7cd4dfcb64aadf2fad5c3b787830ac9223e01a",
                "sha256:7092eab374346121805fb637572483270324407bf150c30a3b161fc0c4ca5164",
                "sha256:77b1da5767ed2f44611bc9bc019bc93c03fa495728ec389759b6e9e5039ac6b1",
                "sha256:8251b37be1f2cd9c0e5ccd9ae0380909c24d2a5ed2162a41fcdbafaf59a85ebd",
                "sha256:9f1627e162e3864a596486774876415a7410021f4b67fd2d9efdf93ade681afc",
                "sha256:a1b73c7c4d2a42b9d37dd43199c5711d91424ff3c6c22681bc132db4a4afec6f",
                "sha256:a82d79586a0a4f5fd1cf153e647464ced402938fbccb3ffc358c7babd4da1dd9",
                "sha256:abbff240f77347d17306d3201e14431519bf64495648ca5a49571f988f88dee9",
                "sha256:ad9b8c1206ae41d46ec7380b78ba735ebb77758a650643e841dd3894966c31d0",
                "sha256:bbffde2a68398682623d9dd8c0ca3f46fda074709b26fcf08ae7a4c431a6ab2d",
                "sha256:bcae10fccb27ca2a5f456bf64d84110a5a74144be3136a5e598f9d9fb48c0caa",
                "sha256:c9cd3828bbe1a40070c11fe16a51df733fd2f0cb0d745fb83b7b5c1f05967df7",
                "sha256:cd1cf1deb3d5544bd942356364a2fdc8959bad2b6cf6eb17f47d301ea34ae822",
                "sha256:d036dc1ed8e1388e995833c62325df3f996675779541f682677efc6af71e96cc",
                "sha256:db42baa892cba723326284490283a68d4de516bfb5aaba369b4e3b2787a778b7",
                "sha256:e4fb7ced4d9dec77d6cf533acfbf8e1415fe799430366affb18d69ee8a3c6330",
                "sha256:e7a0b42db2a47ecb488cde14e0f6c7679a2c5a9f44814393b162ff6397fcdfbb",
                "sha256:f2f184bf38e74f152eed7f87e345b51f3ab0b703842f447c22efe35e59942c24"
            ],
            "markers": "python_version >= '3.6'",
            "version": "==6.0.2"
        },
        "docopt": {
            "hashes": [
                "sha256:49b3a825280bd66b3aa83585ef59c4a8c82f2c8a522dbe754a8bc8d08c85c491"
            ],
            "version": "==0.6.2"
        },
        "idna": {
            "hashes": [
                "sha256:84d9dd047ffa80596e0f246e2eab0b391788b0503584e8945f2368256d2735ff",
                "sha256:9d643ff0a55b762d5cdb124b8eaa99c66322e2157b69160bc32796e824360e6d"
            ],
            "markers": "python_version >= '3'",
            "version": "==3.3"
        },
        "iniconfig": {
            "hashes": [
                "sha256:011e24c64b7f47f6ebd835bb12a743f2fbe9a26d4cecaa7f53bc4f35ee9da8b3",
                "sha256:bc3af051d7d14b2ee5ef9969666def0cd1a000e121eaea580d4a313df4b37f32"
            ],
            "version": "==1.1.1"
        },
        "jmespath": {
            "hashes": [
                "sha256:b85d0567b8666149a93172712e68920734333c0ce7e89b78b3e987f71e5ed4f9",
                "sha256:cdf6525904cc597730141d61b36f2e4b8ecc257c420fa2f4549bac2c2d0cb72f"
            ],
            "markers": "python_version >= '2.6' and python_version not in '3.0, 3.1, 3.2'",
            "version": "==0.10.0"
        },
        "packaging": {
            "hashes": [
                "sha256:7dc96269f53a4ccec5c0670940a4281106dd0bb343f47b7471f779df49c2fbe7",
                "sha256:c86254f9220d55e31cc94d69bade760f0847da8000def4dfe1c6b872fd14ff14"
            ],
            "markers": "python_version >= '3.6'",
            "version": "==21.0"
        },
        "paho-mqtt": {
            "hashes": [
                "sha256:9feb068e822be7b3a116324e01fb6028eb1d66412bf98595ae72698965cb1cae"
            ],
            "version": "==1.5.1"
        },
        "pbr": {
            "hashes": [
                "sha256:42df03e7797b796625b1029c0400279c7c34fd7df24a7d7818a1abb5b38710dd",
                "sha256:c68c661ac5cc81058ac94247278eeda6d2e6aecb3e227b0387c30d277e7ef8d4"
            ],
            "markers": "python_version >= '2.6'",
            "version": "==5.6.0"
        },
        "pluggy": {
            "hashes": [
                "sha256:4224373bacce55f955a878bf9cfa763c1e360858e330072059e10bad68531159",
                "sha256:74134bbf457f031a36d68416e1509f34bd5ccc019f0bcc952c7b909d06b37bd3"
            ],
            "markers": "python_version >= '3.6'",
            "version": "==1.0.0"
        },
        "py": {
            "hashes": [
                "sha256:21b81bda15b66ef5e1a777a21c4dcd9c20ad3efd0b3f817e7a809035269e1bd3",
                "sha256:3b80836aa6d1feeaa108e046da6423ab8f6ceda6468545ae8d02d9d58d18818a"
            ],
            "markers": "python_version >= '2.7' and python_version not in '3.0, 3.1, 3.2, 3.3'",
            "version": "==1.10.0"
        },
        "pyjwt": {
            "hashes": [
                "sha256:5c6eca3c2940464d106b99ba83b00c6add741c9becaec087fb7ccdefea71350e",
                "sha256:8d59a976fb773f3e6a39c85636357c4f0e242707394cadadd9814f5cbaa20e96"
            ],
            "version": "==1.7.1"
        },
        "pykwalify": {
            "hashes": [
                "sha256:731dfa87338cca9f559d1fca2bdea37299116e3139b73f78ca90a543722d6651",
                "sha256:796b2ad3ed4cb99b88308b533fb2f559c30fa6efb4fa9fda11347f483d245884"
            ],
            "version": "==1.8.0"
        },
        "pyparsing": {
            "hashes": [
                "sha256:84196357aa3566d64ad123d7a3c67b0e597a115c4934b097580e5ce220b91531",
                "sha256:fd93fc45c47893c300bd98f5dd1b41c0e783eaeb727e7cea210dcc09d64ce7c3"
            ],
            "markers": "python_version >= '3.6'",
            "version": "==3.0.1"
        },
        "pytest": {
            "hashes": [
                "sha256:131b36680866a76e6781d13f101efb86cf674ebb9762eb70d3082b6f29889e89",
                "sha256:7310f8d27bc79ced999e760ca304d69f6ba6c6649c0b60fb0e04a4a77cacc134"
            ],
            "index": "pypi",
            "version": "==6.2.5"
        },
        "pytest-cov": {
            "hashes": [
                "sha256:578d5d15ac4a25e5f961c938b85a05b09fdaae9deef3bb6de9a6e766622ca7a6",
                "sha256:e7f0f5b1617d2210a2cabc266dfe2f4c75a8d32fb89eafb7ad9d06f6d076d470"
            ],
            "index": "pypi",
            "version": "==3.0.0"
        },
        "pytest-env": {
            "hashes": [
                "sha256:7e94956aef7f2764f3c147d216ce066bf6c42948bb9e293169b1b1c880a580c2"
            ],
            "index": "pypi",
            "version": "==0.6.2"
        },
        "python-box": {
            "hashes": [
                "sha256:60ae9156de34cf92b899bd099580950df70a5b0813e67a3310a1cdd1976457fa",
                "sha256:b68e0f8abc86f3deda751b3390f64df64a0989459de51ba4db949662a7b4d8ac"
            ],
            "markers": "python_version >= '3.6'",
            "version": "==5.4.1"
        },
        "python-dateutil": {
            "hashes": [
                "sha256:0123cacc1627ae19ddf3c27a5de5bd67ee4586fbdd6440d9748f8abb483d3e86",
                "sha256:961d03dc3453ebbc59dbdea9e4e11c5651520a876d0f4db161e8674aae935da9"
            ],
            "markers": "python_version >= '2.7' and python_version not in '3.0, 3.1, 3.2'",
            "version": "==2.8.2"
        },
        "pyyaml": {
            "hashes": [
                "sha256:08682f6b72c722394747bddaf0aa62277e02557c0fd1c42cb853016a38f8dedf",
                "sha256:0f5f5786c0e09baddcd8b4b45f20a7b5d61a7e7e99846e3c799b05c7c53fa696",
                "sha256:129def1b7c1bf22faffd67b8f3724645203b79d8f4cc81f674654d9902cb4393",
                "sha256:294db365efa064d00b8d1ef65d8ea2c3426ac366c0c4368d930bf1c5fb497f77",
                "sha256:3b2b1824fe7112845700f815ff6a489360226a5609b96ec2190a45e62a9fc922",
                "sha256:3bd0e463264cf257d1ffd2e40223b197271046d09dadf73a0fe82b9c1fc385a5",
                "sha256:4465124ef1b18d9ace298060f4eccc64b0850899ac4ac53294547536533800c8",
                "sha256:49d4cdd9065b9b6e206d0595fee27a96b5dd22618e7520c33204a4a3239d5b10",
                "sha256:4e0583d24c881e14342eaf4ec5fbc97f934b999a6828693a99157fde912540cc",
                "sha256:5accb17103e43963b80e6f837831f38d314a0495500067cb25afab2e8d7a4018",
                "sha256:607774cbba28732bfa802b54baa7484215f530991055bb562efbed5b2f20a45e",
                "sha256:6c78645d400265a062508ae399b60b8c167bf003db364ecb26dcab2bda048253",
                "sha256:72a01f726a9c7851ca9bfad6fd09ca4e090a023c00945ea05ba1638c09dc3347",
                "sha256:74c1485f7707cf707a7aef42ef6322b8f97921bd89be2ab6317fd782c2d53183",
                "sha256:895f61ef02e8fed38159bb70f7e100e00f471eae2bc838cd0f4ebb21e28f8541",
                "sha256:8c1be557ee92a20f184922c7b6424e8ab6691788e6d86137c5d93c1a6ec1b8fb",
                "sha256:bb4191dfc9306777bc594117aee052446b3fa88737cd13b7188d0e7aa8162185",
                "sha256:bfb51918d4ff3d77c1c856a9699f8492c612cde32fd3bcd344af9be34999bfdc",
                "sha256:c20cfa2d49991c8b4147af39859b167664f2ad4561704ee74c1de03318e898db",
                "sha256:cb333c16912324fd5f769fff6bc5de372e9e7a202247b48870bc251ed40239aa",
                "sha256:d2d9808ea7b4af864f35ea216be506ecec180628aced0704e34aca0b040ffe46",
                "sha256:d483ad4e639292c90170eb6f7783ad19490e7a8defb3e46f97dfe4bacae89122",
                "sha256:dd5de0646207f053eb0d6c74ae45ba98c3395a571a2891858e87df7c9b9bd51b",
                "sha256:e1d4970ea66be07ae37a3c2e48b5ec63f7ba6804bdddfdbd3cfd954d25a82e63",
                "sha256:e4fac90784481d221a8e4b1162afa7c47ed953be40d31ab4629ae917510051df",
                "sha256:fa5ae20527d8e831e8230cbffd9f8fe952815b2b7dae6ffec25318803a7528fc",
                "sha256:fd7f6999a8070df521b6384004ef42833b9bd62cfee11a09bda1079b4b704247",
                "sha256:fdc842473cd33f45ff6bce46aea678a54e3d21f1b61a7750ce3c498eedfe25d6",
                "sha256:fe69978f3f768926cfa37b867e3843918e012cf83f680806599ddce33c2c68b0"
            ],
            "markers": "python_version >= '2.7' and python_version not in '3.0, 3.1, 3.2, 3.3, 3.4, 3.5'",
            "version": "==5.4.1"
        },
        "requests": {
            "hashes": [
                "sha256:6c1246513ecd5ecd4528a0906f910e8f0f9c6b8ec72030dc9fd154dc1a6efd24",
                "sha256:b8aa58f8cf793ffd8782d3d8cb19e66ef36f7aba4353eec859e74678b01b07a7"
            ],
            "markers": "python_version >= '2.7' and python_version not in '3.0, 3.1, 3.2, 3.3, 3.4, 3.5'",
            "version": "==2.26.0"
        },
        "ruamel.yaml": {
            "hashes": [
                "sha256:1a771fc92d3823682b7f0893ad56cb5a5c87c48e62b5399d6f42c8759a583b33",
                "sha256:ea21da1198c4b41b8e7a259301cc9710d3b972bf8ba52f06218478e6802dd1f1"
            ],
            "markers": "python_version >= '3'",
            "version": "==0.17.16"
        },
        "ruamel.yaml.clib": {
            "hashes": [
                "sha256:0847201b767447fc33b9c235780d3aa90357d20dd6108b92be544427bea197dd",
                "sha256:1866cf2c284a03b9524a5cc00daca56d80057c5ce3cdc86a52020f4c720856f0",
                "sha256:31ea73e564a7b5fbbe8188ab8b334393e06d997914a4e184975348f204790277",
                "sha256:3fb9575a5acd13031c57a62cc7823e5d2ff8bc3835ba4d94b921b4e6ee664104",
                "sha256:4ff604ce439abb20794f05613c374759ce10e3595d1867764dd1ae675b85acbd",
                "sha256:72a2b8b2ff0a627496aad76f37a652bcef400fd861721744201ef1b45199ab78",
                "sha256:78988ed190206672da0f5d50c61afef8f67daa718d614377dcd5e3ed85ab4a99",
                "sha256:7b2927e92feb51d830f531de4ccb11b320255ee95e791022555971c466af4527",
                "sha256:7f7ecb53ae6848f959db6ae93bdff1740e651809780822270eab111500842a84",
                "sha256:825d5fccef6da42f3c8eccd4281af399f21c02b32d98e113dbc631ea6a6ecbc7",
                "sha256:846fc8336443106fe23f9b6d6b8c14a53d38cef9a375149d61f99d78782ea468",
                "sha256:89221ec6d6026f8ae859c09b9718799fea22c0e8da8b766b0b2c9a9ba2db326b",
                "sha256:9efef4aab5353387b07f6b22ace0867032b900d8e91674b5d8ea9150db5cae94",
                "sha256:a32f8d81ea0c6173ab1b3da956869114cae53ba1e9f72374032e33ba3118c233",
                "sha256:a49e0161897901d1ac9c4a79984b8410f450565bbad64dbfcbf76152743a0cdb",
                "sha256:ada3f400d9923a190ea8b59c8f60680c4ef8a4b0dfae134d2f2ff68429adfab5",
                "sha256:bf75d28fa071645c529b5474a550a44686821decebdd00e21127ef1fd566eabe",
                "sha256:cfdb9389d888c5b74af297e51ce357b800dd844898af9d4a547ffc143fa56751",
                "sha256:d67f273097c368265a7b81e152e07fb90ed395df6e552b9fa858c6d2c9f42502",
                "sha256:dc6a613d6c74eef5a14a214d433d06291526145431c3b964f5e16529b1842bed",
                "sha256:de9c6b8a1ba52919ae919f3ae96abb72b994dd0350226e28f3686cb4f142165c"
            ],
            "markers": "platform_python_implementation == 'CPython' and python_version < '3.10'",
            "version": "==0.2.6"
        },
        "s3transfer": {
            "hashes": [
                "sha256:50ed823e1dc5868ad40c8dc92072f757aa0e653a192845c94a3b676f4a62da4c",
                "sha256:9c1dc369814391a6bda20ebbf4b70a0f34630592c9aa520856bf384916af2803"
            ],
            "markers": "python_version >= '3.6'",
            "version": "==0.5.0"
        },
        "six": {
            "hashes": [
                "sha256:1e61c37477a1626458e36f7b1d82aa5c9b094fa4802892072e49de9c60c4c926",
                "sha256:8abb2f1d86890a2dfb989f9a77cfcfd3e47c2a354b01111771326f8aa26e0254"
            ],
            "markers": "python_version >= '2.7' and python_version not in '3.0, 3.1, 3.2'",
            "version": "==1.16.0"
        },
        "stevedore": {
            "hashes": [
                "sha256:a547de73308fd7e90075bb4d301405bebf705292fa90a90fc3bcf9133f58616c",
                "sha256:f40253887d8712eaa2bb0ea3830374416736dc8ec0e22f5a65092c1174c44335"
            ],
            "markers": "python_version >= '3.6'",
            "version": "==3.5.0"
        },
        "tavern": {
            "hashes": [
                "sha256:1302ee710410e375008c86e9893e31bc59c33f7fff3ad7b25f9ff505d6a25e8c"
            ],
            "index": "pypi",
            "version": "==1.16.3"
        },
        "toml": {
            "hashes": [
                "sha256:806143ae5bfb6a3c6e736a764057db0e6a0e05e338b5630894a5f779cabb4f9b",
                "sha256:b3bda1d108d5dd99f4a20d24d9c348e91c4db7ab1b749200bded2f839ccbe68f"
            ],
            "markers": "python_version >= '2.6' and python_version not in '3.0, 3.1, 3.2'",
            "version": "==0.10.2"
        },
        "tomli": {
            "hashes": [
                "sha256:c6ce0015eb38820eaf32b5db832dbc26deb3dd427bd5f6556cf0acac2c214fee",
                "sha256:f04066f68f5554911363063a30b108d2b5a5b1a010aa8b6132af78489fe3aade"
            ],
            "markers": "python_version >= '3.6'",
            "version": "==1.2.2"
        },
        "urllib3": {
            "hashes": [
                "sha256:4987c65554f7a2dbf30c18fd48778ef124af6fab771a377103da0585e2336ece",
                "sha256:c4fdf4019605b6e5423637e01bc9fe4daef873709a7973e195ceba0a62bbc844"
            ],
            "markers": "python_version >= '2.7' and python_version not in '3.0, 3.1, 3.2, 3.3, 3.4' and python_full_version < '4.0.0'",
            "version": "==1.26.7"
        }
    }
}
